
Microsoft Visual Studio Solution File, Format Version 12.00
# Visual Studio Version 16
VisualStudioVersion = 16.0.30114.105
MinimumVisualStudioVersion = 10.0.40219.1
Project("{2150E333-8FDC-42A3-9474-1A3956D46DE8}") = "src", "src", "{8C154F05-BC92-41C1-84AB-4D9A89151AAC}"
EndProject
Project("{FAE04EC0-301F-11D3-BF4B-00C04F79EFBC}") = "BlogApp.Api", "src\BlogApp.Api\BlogApp.Api.csproj", "{DBC0499E-AFB5-49B8-B70F-05316A793A8A}"
EndProject
Project("{2150E333-8FDC-42A3-9474-1A3956D46DE8}") = "test", "test", "{8BEA25C7-4C3A-432B-98DE-6FF1B30FE2E3}"
EndProject
Project("{FAE04EC0-301F-11D3-BF4B-00C04F79EFBC}") = "BlogApp.Tests", "test\BlogApp.Tests\BlogApp.Tests.csproj", "{E69D8BEF-1C15-4AC7-8518-1602AC6BB7F0}"
EndProject
Global
	GlobalSection(SolutionConfigurationPlatforms) = preSolution
		Debug|Any CPU = Debug|Any CPU
		Release|Any CPU = Release|Any CPU
	EndGlobalSection
	GlobalSection(SolutionProperties) = preSolution
		HideSolutionNode = FALSE
	EndGlobalSection
	GlobalSection(ProjectConfigurationPlatforms) = postSolution
		{DBC0499E-AFB5-49B8-B70F-05316A793A8A}.Debug|Any CPU.ActiveCfg = Debug|Any CPU
		{DBC0499E-AFB5-49B8-B70F-05316A793A8A}.Debug|Any CPU.Build.0 = Debug|Any CPU
		{DBC0499E-AFB5-49B8-B70F-05316A793A8A}.Release|Any CPU.ActiveCfg = Release|Any CPU
		{DBC0499E-AFB5-49B8-B70F-05316A793A8A}.Release|Any CPU.Build.0 = Release|Any CPU
		{E69D8BEF-1C15-4AC7-8518-1602AC6BB7F0}.Debug|Any CPU.ActiveCfg = Debug|Any CPU
		{E69D8BEF-1C15-4AC7-8518-1602AC6BB7F0}.Debug|Any CPU.Build.0 = Debug|Any CPU
		{E69D8BEF-1C15-4AC7-8518-1602AC6BB7F0}.Release|Any CPU.ActiveCfg = Release|Any CPU
		{E69D8BEF-1C15-4AC7-8518-1602AC6BB7F0}.Release|Any CPU.Build.0 = Release|Any CPU
	EndGlobalSection
	GlobalSection(NestedProjects) = preSolution
		{DBC0499E-AFB5-49B8-B70F-05316A793A8A} = {8C154F05-BC92-41C1-84AB-4D9A89151AAC}
		{E69D8BEF-1C15-4AC7-8518-1602AC6BB7F0} = {8BEA25C7-4C3A-432B-98DE-6FF1B30FE2E3}
	EndGlobalSection
EndGlobal
