
Microsoft Visual Studio Solution File, Format Version 12.00
# Visual Studio Version 16
VisualStudioVersion = 16.0.30114.105
MinimumVisualStudioVersion = 10.0.40219.1
Project("{2150E333-8FDC-42A3-9474-1A3956D46DE8}") = "src", "src", "{8C154F05-BC92-41C1-84AB-4D9A89151AAC}"
EndProject
Project("{FAE04EC0-301F-11D3-BF4B-00C04F79EFBC}") = "BlogApp.Api", "src\BlogApp.Api\BlogApp.Api.csproj", "{DBC0499E-AFB5-49B8-B70F-05316A793A8A}"
EndProject
Project("{2150E333-8FDC-42A3-9474-1A3956D46DE8}") = "test", "test", "{8D579F8C-7B0E-4C2F-AE98-27DDD6D2B9BE}"
EndProject
Project("{FAE04EC0-301F-11D3-BF4B-00C04F79EFBC}") = "BlogApp.Tests.Integration", "test\BlogApp.Tests.Integration\BlogApp.Tests.Integration.csproj", "{414D8635-A159-4E9F-939F-05A9E682AA6C}"
EndProject
Global
	GlobalSection(SolutionConfigurationPlatforms) = preSolution
		Debug|Any CPU = Debug|Any CPU
		Release|Any CPU = Release|Any CPU
	EndGlobalSection
	GlobalSection(SolutionProperties) = preSolution
		HideSolutionNode = FALSE
	EndGlobalSection
	GlobalSection(ProjectConfigurationPlatforms) = postSolution
		{DBC0499E-AFB5-49B8-B70F-05316A793A8A}.Debug|Any CPU.ActiveCfg = Debug|Any CPU
		{DBC0499E-AFB5-49B8-B70F-05316A793A8A}.Debug|Any CPU.Build.0 = Debug|Any CPU
		{DBC0499E-AFB5-49B8-B70F-05316A793A8A}.Release|Any CPU.ActiveCfg = Release|Any CPU
		{DBC0499E-AFB5-49B8-B70F-05316A793A8A}.Release|Any CPU.Build.0 = Release|Any CPU
		{414D8635-A159-4E9F-939F-05A9E682AA6C}.Debug|Any CPU.ActiveCfg = Debug|Any CPU
		{414D8635-A159-4E9F-939F-05A9E682AA6C}.Debug|Any CPU.Build.0 = Debug|Any CPU
		{414D8635-A159-4E9F-939F-05A9E682AA6C}.Release|Any CPU.ActiveCfg = Release|Any CPU
		{414D8635-A159-4E9F-939F-05A9E682AA6C}.Release|Any CPU.Build.0 = Release|Any CPU
	EndGlobalSection
	GlobalSection(NestedProjects) = preSolution
		{DBC0499E-AFB5-49B8-B70F-05316A793A8A} = {8C154F05-BC92-41C1-84AB-4D9A89151AAC}
		{414D8635-A159-4E9F-939F-05A9E682AA6C} = {8D579F8C-7B0E-4C2F-AE98-27DDD6D2B9BE}
	EndGlobalSection
EndGlobal
